
Microsoft Visual Studio Solution File, Format Version 12.00
# Visual Studio Version 17
VisualStudioVersion = 17.3.32901.215
MinimumVisualStudioVersion = 10.0.40219.1
Project("{9A19103F-16F7-4668-BE54-9A1E7A4F7556}") = "Scrabble", "Scrabble\Scrabble.csproj", "{523C7A55-A2E7-47F9-BDD8-C1CD35EBB611}"
EndProject
Global
	GlobalSection(SolutionConfigurationPlatforms) = preSolution
		Debug|Any CPU = Debug|Any CPU
		Release|Any CPU = Release|Any CPU
	EndGlobalSection
	GlobalSection(ProjectConfigurationPlatforms) = postSolution
		{523C7A55-A2E7-47F9-BDD8-C1CD35EBB611}.Debug|Any CPU.ActiveCfg = Debug|Any CPU
		{523C7A55-A2E7-47F9-BDD8-C1CD35EBB611}.Debug|Any CPU.Build.0 = Debug|Any CPU
		{523C7A55-A2E7-47F9-BDD8-C1CD35EBB611}.Release|Any CPU.ActiveCfg = Release|Any CPU
		{523C7A55-A2E7-47F9-BDD8-C1CD35EBB611}.Release|Any CPU.Build.0 = Release|Any CPU
	EndGlobalSection
	GlobalSection(SolutionProperties) = preSolution
		HideSolutionNode = FALSE
	EndGlobalSection
	GlobalSection(ExtensibilityGlobals) = postSolution
		SolutionGuid = {81595D37-E399-469F-91AA-0BEEED0E4771}
	EndGlobalSection
EndGlobal
